
Microsoft Visual Studio Solution File, Format Version 12.00
# Visual Studio Version 17
VisualStudioVersion = 17.9.34714.143
MinimumVisualStudioVersion = 10.0.40219.1
Project("{FAE04EC0-301F-11D3-BF4B-00C04F79EFBC}") = "RGR_ALGO", "RGR_ALGO\RGR_ALGO.csproj", "{0DA9BA87-6EB0-4067-A8EA-61D31C2D3360}"
EndProject
Global
	GlobalSection(SolutionConfigurationPlatforms) = preSolution
		Debug|Any CPU = Debug|Any CPU
		Release|Any CPU = Release|Any CPU
	EndGlobalSection
	GlobalSection(ProjectConfigurationPlatforms) = postSolution
		{0DA9BA87-6EB0-4067-A8EA-61D31C2D3360}.Debug|Any CPU.ActiveCfg = Debug|Any CPU
		{0DA9BA87-6EB0-4067-A8EA-61D31C2D3360}.Debug|Any CPU.Build.0 = Debug|Any CPU
		{0DA9BA87-6EB0-4067-A8EA-61D31C2D3360}.Release|Any CPU.ActiveCfg = Release|Any CPU
		{0DA9BA87-6EB0-4067-A8EA-61D31C2D3360}.Release|Any CPU.Build.0 = Release|Any CPU
	EndGlobalSection
	GlobalSection(SolutionProperties) = preSolution
		HideSolutionNode = FALSE
	EndGlobalSection
	GlobalSection(ExtensibilityGlobals) = postSolution
		SolutionGuid = {82644A04-3B2C-4EE6-849D-A73A09893307}
	EndGlobalSection
EndGlobal
